
Microsoft Visual Studio Solution File, Format Version 12.00
# Visual Studio Version 16
VisualStudioVersion = 16.0.29613.14
MinimumVisualStudioVersion = 10.0.40219.1
Project("{8BC9CEB8-8B4A-11D0-8D11-00A0C91BC942}") = "plotcoords", "plotcoords\plotcoords.vcxproj", "{E79F6F3E-4E21-4482-963F-0197E871A44A}"
EndProject
Project("{8BC9CEB8-8B4A-11D0-8D11-00A0C91BC942}") = "ALL_BUILD", "ALL_BUILD.vcxproj", "{EA8BC1CB-D25C-3C5E-9A9F-335CFDC9632A}"
EndProject
Project("{8BC9CEB8-8B4A-11D0-8D11-00A0C91BC942}") = "downsample", "downsample.vcxproj", "{8D30AB76-88DA-3F35-AE3D-14ECE36D8F4B}"
EndProject
Project("{8BC9CEB8-8B4A-11D0-8D11-00A0C91BC942}") = "findstems", "findstems.vcxproj", "{4B2D0ABA-EC42-3EC0-9DA0-9AACA479E0D4}"
EndProject
Project("{8BC9CEB8-8B4A-11D0-8D11-00A0C91BC942}") = "getcrownvolume", "getcrownvolume.vcxproj", "{16BA8376-1F68-3A0F-B0E4-75EB093265D6}"
EndProject
Project("{8BC9CEB8-8B4A-11D0-8D11-00A0C91BC942}") = "getdemslice", "getdemslice.vcxproj", "{652C9BB4-DCFB-39AA-9B0F-134ED3C7B235}"
EndProject
Project("{8BC9CEB8-8B4A-11D0-8D11-00A0C91BC942}") = "leafsep", "leafsep.vcxproj", "{EC4D2585-B7BE-3556-96CB-2D9F5A58EECF}"
EndProject
Project("{8BC9CEB8-8B4A-11D0-8D11-00A0C91BC942}") = "nearestneighbour", "nearestneighbour.vcxproj", "{6DDAA7EE-42A8-364F-A420-6ABB1B712910}"
EndProject
Project("{8BC9CEB8-8B4A-11D0-8D11-00A0C91BC942}") = "pcd2xyz", "pcd2xyz.vcxproj", "{76B11C5C-B55C-3F83-B1EA-6ED7730612E4}"
EndProject
Project("{8BC9CEB8-8B4A-11D0-8D11-00A0C91BC942}") = "segmentcrown", "segmentcrown.vcxproj", "{3D46700F-7F08-397F-9889-BB4884D896B3}"
EndProject
Project("{8BC9CEB8-8B4A-11D0-8D11-00A0C91BC942}") = "segmentstem", "segmentstem.vcxproj", "{39C6B5D4-EF6E-376B-AEFB-7E86261AF3DD}"
EndProject
Project("{8BC9CEB8-8B4A-11D0-8D11-00A0C91BC942}") = "sepwoodleaf", "sepwoodleaf.vcxproj", "{A3DB8AC8-499D-3B49-99E7-43FD9A9B1924}"
EndProject
Project("{8BC9CEB8-8B4A-11D0-8D11-00A0C91BC942}") = "treeseg", "treeseg.vcxproj", "{123C5A1B-0A33-33EC-B7A1-D74E241DE9FD}"
EndProject
Project("{8BC9CEB8-8B4A-11D0-8D11-00A0C91BC942}") = "xyz2pcd", "xyz2pcd.vcxproj", "{40BD9D83-9BFD-38F5-A823-076D019E35B7}"
EndProject
Project("{8BC9CEB8-8B4A-11D0-8D11-00A0C91BC942}") = "ZERO_CHECK", "ZERO_CHECK.vcxproj", "{84B4E626-BCB2-38FE-8099-234095B8CE22}"
EndProject
Project("{8BC9CEB8-8B4A-11D0-8D11-00A0C91BC942}") = "test", "test.vcxproj", "{0986CEF3-8AA0-4309-9506-FEB506B82F49}"
EndProject
Project("{8BC9CEB8-8B4A-11D0-8D11-00A0C91BC942}") = "boxdim", "boxdim.vcxproj", "{FE930ECB-8648-4858-AA76-2688D583EA6B}"
EndProject
Project("{8BC9CEB8-8B4A-11D0-8D11-00A0C91BC942}") = "combined", "combined.vcxproj", "{A80C933D-1DEA-4847-B45F-BA51ABEE5323}"
EndProject
Project("{8BC9CEB8-8B4A-11D0-8D11-00A0C91BC942}") = "diff", "diff.vcxproj", "{B6E535BE-3EB6-4832-88DB-DD180E41BA03}"
EndProject
Project("{8BC9CEB8-8B4A-11D0-8D11-00A0C91BC942}") = "compindex", "compindex.vcxproj", "{5BD91F7D-205B-420B-99BD-EFA8D1CCAEDB}"
EndProject
Global
	GlobalSection(SolutionConfigurationPlatforms) = preSolution
		Debug|x64 = Debug|x64
		Debug|x86 = Debug|x86
		MinSizeRel|x64 = MinSizeRel|x64
		MinSizeRel|x86 = MinSizeRel|x86
		Release|x64 = Release|x64
		Release|x86 = Release|x86
		RelWithDebInfo|x64 = RelWithDebInfo|x64
		RelWithDebInfo|x86 = RelWithDebInfo|x86
	EndGlobalSection
	GlobalSection(ProjectConfigurationPlatforms) = postSolution
		{E79F6F3E-4E21-4482-963F-0197E871A44A}.Debug|x64.ActiveCfg = Debug|x64
		{E79F6F3E-4E21-4482-963F-0197E871A44A}.Debug|x64.Build.0 = Debug|x64
		{E79F6F3E-4E21-4482-963F-0197E871A44A}.Debug|x86.ActiveCfg = Debug|Win32
		{E79F6F3E-4E21-4482-963F-0197E871A44A}.Debug|x86.Build.0 = Debug|Win32
		{E79F6F3E-4E21-4482-963F-0197E871A44A}.MinSizeRel|x64.ActiveCfg = Release|x64
		{E79F6F3E-4E21-4482-963F-0197E871A44A}.MinSizeRel|x64.Build.0 = Release|x64
		{E79F6F3E-4E21-4482-963F-0197E871A44A}.MinSizeRel|x86.ActiveCfg = Release|Win32
		{E79F6F3E-4E21-4482-963F-0197E871A44A}.MinSizeRel|x86.Build.0 = Release|Win32
		{E79F6F3E-4E21-4482-963F-0197E871A44A}.Release|x64.ActiveCfg = Release|x64
		{E79F6F3E-4E21-4482-963F-0197E871A44A}.Release|x64.Build.0 = Release|x64
		{E79F6F3E-4E21-4482-963F-0197E871A44A}.Release|x86.ActiveCfg = Release|Win32
		{E79F6F3E-4E21-4482-963F-0197E871A44A}.Release|x86.Build.0 = Release|Win32
		{E79F6F3E-4E21-4482-963F-0197E871A44A}.RelWithDebInfo|x64.ActiveCfg = RelWithDebInfo|x64
		{E79F6F3E-4E21-4482-963F-0197E871A44A}.RelWithDebInfo|x64.Build.0 = RelWithDebInfo|x64
		{E79F6F3E-4E21-4482-963F-0197E871A44A}.RelWithDebInfo|x86.ActiveCfg = Release|Win32
		{E79F6F3E-4E21-4482-963F-0197E871A44A}.RelWithDebInfo|x86.Build.0 = Release|Win32
		{EA8BC1CB-D25C-3C5E-9A9F-335CFDC9632A}.Debug|x64.ActiveCfg = Debug|x64
		{EA8BC1CB-D25C-3C5E-9A9F-335CFDC9632A}.Debug|x64.Build.0 = Debug|x64
		{EA8BC1CB-D25C-3C5E-9A9F-335CFDC9632A}.Debug|x86.ActiveCfg = Debug|x64
		{EA8BC1CB-D25C-3C5E-9A9F-335CFDC9632A}.MinSizeRel|x64.ActiveCfg = MinSizeRel|x64
		{EA8BC1CB-D25C-3C5E-9A9F-335CFDC9632A}.MinSizeRel|x64.Build.0 = MinSizeRel|x64
		{EA8BC1CB-D25C-3C5E-9A9F-335CFDC9632A}.MinSizeRel|x86.ActiveCfg = MinSizeRel|x64
		{EA8BC1CB-D25C-3C5E-9A9F-335CFDC9632A}.Release|x64.ActiveCfg = Release|x64
		{EA8BC1CB-D25C-3C5E-9A9F-335CFDC9632A}.Release|x64.Build.0 = Release|x64
		{EA8BC1CB-D25C-3C5E-9A9F-335CFDC9632A}.Release|x86.ActiveCfg = Release|x64
		{EA8BC1CB-D25C-3C5E-9A9F-335CFDC9632A}.RelWithDebInfo|x64.ActiveCfg = RelWithDebInfo|x64
		{EA8BC1CB-D25C-3C5E-9A9F-335CFDC9632A}.RelWithDebInfo|x64.Build.0 = RelWithDebInfo|x64
		{EA8BC1CB-D25C-3C5E-9A9F-335CFDC9632A}.RelWithDebInfo|x86.ActiveCfg = RelWithDebInfo|x64
		{8D30AB76-88DA-3F35-AE3D-14ECE36D8F4B}.Debug|x64.ActiveCfg = Debug|x64
		{8D30AB76-88DA-3F35-AE3D-14ECE36D8F4B}.Debug|x64.Build.0 = Debug|x64
		{8D30AB76-88DA-3F35-AE3D-14ECE36D8F4B}.Debug|x86.ActiveCfg = Debug|x64
		{8D30AB76-88DA-3F35-AE3D-14ECE36D8F4B}.MinSizeRel|x64.ActiveCfg = MinSizeRel|x64
		{8D30AB76-88DA-3F35-AE3D-14ECE36D8F4B}.MinSizeRel|x64.Build.0 = MinSizeRel|x64
		{8D30AB76-88DA-3F35-AE3D-14ECE36D8F4B}.MinSizeRel|x86.ActiveCfg = MinSizeRel|x64
		{8D30AB76-88DA-3F35-AE3D-14ECE36D8F4B}.Release|x64.ActiveCfg = Release|x64
		{8D30AB76-88DA-3F35-AE3D-14ECE36D8F4B}.Release|x64.Build.0 = Release|x64
		{8D30AB76-88DA-3F35-AE3D-14ECE36D8F4B}.Release|x86.ActiveCfg = Release|x64
		{8D30AB76-88DA-3F35-AE3D-14ECE36D8F4B}.RelWithDebInfo|x64.ActiveCfg = RelWithDebInfo|x64
		{8D30AB76-88DA-3F35-AE3D-14ECE36D8F4B}.RelWithDebInfo|x64.Build.0 = RelWithDebInfo|x64
		{8D30AB76-88DA-3F35-AE3D-14ECE36D8F4B}.RelWithDebInfo|x86.ActiveCfg = RelWithDebInfo|x64
		{4B2D0ABA-EC42-3EC0-9DA0-9AACA479E0D4}.Debug|x64.ActiveCfg = Debug|x64
		{4B2D0ABA-EC42-3EC0-9DA0-9AACA479E0D4}.Debug|x64.Build.0 = Debug|x64
		{4B2D0ABA-EC42-3EC0-9DA0-9AACA479E0D4}.Debug|x86.ActiveCfg = Debug|x64
		{4B2D0ABA-EC42-3EC0-9DA0-9AACA479E0D4}.MinSizeRel|x64.ActiveCfg = MinSizeRel|x64
		{4B2D0ABA-EC42-3EC0-9DA0-9AACA479E0D4}.MinSizeRel|x64.Build.0 = MinSizeRel|x64
		{4B2D0ABA-EC42-3EC0-9DA0-9AACA479E0D4}.MinSizeRel|x86.ActiveCfg = MinSizeRel|x64
		{4B2D0ABA-EC42-3EC0-9DA0-9AACA479E0D4}.Release|x64.ActiveCfg = Release|x64
		{4B2D0ABA-EC42-3EC0-9DA0-9AACA479E0D4}.Release|x64.Build.0 = Release|x64
		{4B2D0ABA-EC42-3EC0-9DA0-9AACA479E0D4}.Release|x86.ActiveCfg = Release|x64
		{4B2D0ABA-EC42-3EC0-9DA0-9AACA479E0D4}.RelWithDebInfo|x64.ActiveCfg = RelWithDebInfo|x64
		{4B2D0ABA-EC42-3EC0-9DA0-9AACA479E0D4}.RelWithDebInfo|x64.Build.0 = RelWithDebInfo|x64
		{4B2D0ABA-EC42-3EC0-9DA0-9AACA479E0D4}.RelWithDebInfo|x86.ActiveCfg = RelWithDebInfo|x64
		{16BA8376-1F68-3A0F-B0E4-75EB093265D6}.Debug|x64.ActiveCfg = Debug|x64
		{16BA8376-1F68-3A0F-B0E4-75EB093265D6}.Debug|x64.Build.0 = Debug|x64
		{16BA8376-1F68-3A0F-B0E4-75EB093265D6}.Debug|x86.ActiveCfg = Debug|x64
		{16BA8376-1F68-3A0F-B0E4-75EB093265D6}.MinSizeRel|x64.ActiveCfg = MinSizeRel|x64
		{16BA8376-1F68-3A0F-B0E4-75EB093265D6}.MinSizeRel|x64.Build.0 = MinSizeRel|x64
		{16BA8376-1F68-3A0F-B0E4-75EB093265D6}.MinSizeRel|x86.ActiveCfg = MinSizeRel|x64
		{16BA8376-1F68-3A0F-B0E4-75EB093265D6}.Release|x64.ActiveCfg = Release|x64
		{16BA8376-1F68-3A0F-B0E4-75EB093265D6}.Release|x64.Build.0 = Release|x64
		{16BA8376-1F68-3A0F-B0E4-75EB093265D6}.Release|x86.ActiveCfg = Release|x64
		{16BA8376-1F68-3A0F-B0E4-75EB093265D6}.RelWithDebInfo|x64.ActiveCfg = RelWithDebInfo|x64
		{16BA8376-1F68-3A0F-B0E4-75EB093265D6}.RelWithDebInfo|x64.Build.0 = RelWithDebInfo|x64
		{16BA8376-1F68-3A0F-B0E4-75EB093265D6}.RelWithDebInfo|x86.ActiveCfg = RelWithDebInfo|x64
		{652C9BB4-DCFB-39AA-9B0F-134ED3C7B235}.Debug|x64.ActiveCfg = Debug|x64
		{652C9BB4-DCFB-39AA-9B0F-134ED3C7B235}.Debug|x64.Build.0 = Debug|x64
		{652C9BB4-DCFB-39AA-9B0F-134ED3C7B235}.Debug|x86.ActiveCfg = Debug|x64
		{652C9BB4-DCFB-39AA-9B0F-134ED3C7B235}.MinSizeRel|x64.ActiveCfg = MinSizeRel|x64
		{652C9BB4-DCFB-39AA-9B0F-134ED3C7B235}.MinSizeRel|x64.Build.0 = MinSizeRel|x64
		{652C9BB4-DCFB-39AA-9B0F-134ED3C7B235}.MinSizeRel|x86.ActiveCfg = MinSizeRel|x64
		{652C9BB4-DCFB-39AA-9B0F-134ED3C7B235}.Release|x64.ActiveCfg = Release|x64
		{652C9BB4-DCFB-39AA-9B0F-134ED3C7B235}.Release|x64.Build.0 = Release|x64
		{652C9BB4-DCFB-39AA-9B0F-134ED3C7B235}.Release|x86.ActiveCfg = Release|x64
		{652C9BB4-DCFB-39AA-9B0F-134ED3C7B235}.RelWithDebInfo|x64.ActiveCfg = RelWithDebInfo|x64
		{652C9BB4-DCFB-39AA-9B0F-134ED3C7B235}.RelWithDebInfo|x64.Build.0 = RelWithDebInfo|x64
		{652C9BB4-DCFB-39AA-9B0F-134ED3C7B235}.RelWithDebInfo|x86.ActiveCfg = RelWithDebInfo|x64
		{EC4D2585-B7BE-3556-96CB-2D9F5A58EECF}.Debug|x64.ActiveCfg = Debug|x64
		{EC4D2585-B7BE-3556-96CB-2D9F5A58EECF}.Debug|x64.Build.0 = Debug|x64
		{EC4D2585-B7BE-3556-96CB-2D9F5A58EECF}.Debug|x86.ActiveCfg = Debug|x64
		{EC4D2585-B7BE-3556-96CB-2D9F5A58EECF}.MinSizeRel|x64.ActiveCfg = MinSizeRel|x64
		{EC4D2585-B7BE-3556-96CB-2D9F5A58EECF}.MinSizeRel|x64.Build.0 = MinSizeRel|x64
		{EC4D2585-B7BE-3556-96CB-2D9F5A58EECF}.MinSizeRel|x86.ActiveCfg = MinSizeRel|x64
		{EC4D2585-B7BE-3556-96CB-2D9F5A58EECF}.Release|x64.ActiveCfg = Release|x64
		{EC4D2585-B7BE-3556-96CB-2D9F5A58EECF}.Release|x64.Build.0 = Release|x64
		{EC4D2585-B7BE-3556-96CB-2D9F5A58EECF}.Release|x86.ActiveCfg = Release|x64
		{EC4D2585-B7BE-3556-96CB-2D9F5A58EECF}.RelWithDebInfo|x64.ActiveCfg = RelWithDebInfo|x64
		{EC4D2585-B7BE-3556-96CB-2D9F5A58EECF}.RelWithDebInfo|x64.Build.0 = RelWithDebInfo|x64
		{EC4D2585-B7BE-3556-96CB-2D9F5A58EECF}.RelWithDebInfo|x86.ActiveCfg = RelWithDebInfo|x64
		{6DDAA7EE-42A8-364F-A420-6ABB1B712910}.Debug|x64.ActiveCfg = Debug|x64
		{6DDAA7EE-42A8-364F-A420-6ABB1B712910}.Debug|x64.Build.0 = Debug|x64
		{6DDAA7EE-42A8-364F-A420-6ABB1B712910}.Debug|x86.ActiveCfg = Debug|x64
		{6DDAA7EE-42A8-364F-A420-6ABB1B712910}.MinSizeRel|x64.ActiveCfg = MinSizeRel|x64
		{6DDAA7EE-42A8-364F-A420-6ABB1B712910}.MinSizeRel|x64.Build.0 = MinSizeRel|x64
		{6DDAA7EE-42A8-364F-A420-6ABB1B712910}.MinSizeRel|x86.ActiveCfg = MinSizeRel|x64
		{6DDAA7EE-42A8-364F-A420-6ABB1B712910}.Release|x64.ActiveCfg = Release|x64
		{6DDAA7EE-42A8-364F-A420-6ABB1B712910}.Release|x64.Build.0 = Release|x64
		{6DDAA7EE-42A8-364F-A420-6ABB1B712910}.Release|x86.ActiveCfg = Release|x64
		{6DDAA7EE-42A8-364F-A420-6ABB1B712910}.RelWithDebInfo|x64.ActiveCfg = RelWithDebInfo|x64
		{6DDAA7EE-42A8-364F-A420-6ABB1B712910}.RelWithDebInfo|x64.Build.0 = RelWithDebInfo|x64
		{6DDAA7EE-42A8-364F-A420-6ABB1B712910}.RelWithDebInfo|x86.ActiveCfg = RelWithDebInfo|x64
		{76B11C5C-B55C-3F83-B1EA-6ED7730612E4}.Debug|x64.ActiveCfg = Debug|x64
		{76B11C5C-B55C-3F83-B1EA-6ED7730612E4}.Debug|x64.Build.0 = Debug|x64
		{76B11C5C-B55C-3F83-B1EA-6ED7730612E4}.Debug|x86.ActiveCfg = Debug|x64
		{76B11C5C-B55C-3F83-B1EA-6ED7730612E4}.MinSizeRel|x64.ActiveCfg = MinSizeRel|x64
		{76B11C5C-B55C-3F83-B1EA-6ED7730612E4}.MinSizeRel|x64.Build.0 = MinSizeRel|x64
		{76B11C5C-B55C-3F83-B1EA-6ED7730612E4}.MinSizeRel|x86.ActiveCfg = MinSizeRel|x64
		{76B11C5C-B55C-3F83-B1EA-6ED7730612E4}.Release|x64.ActiveCfg = Release|x64
		{76B11C5C-B55C-3F83-B1EA-6ED7730612E4}.Release|x64.Build.0 = Release|x64
		{76B11C5C-B55C-3F83-B1EA-6ED7730612E4}.Release|x86.ActiveCfg = Release|x64
		{76B11C5C-B55C-3F83-B1EA-6ED7730612E4}.RelWithDebInfo|x64.ActiveCfg = RelWithDebInfo|x64
		{76B11C5C-B55C-3F83-B1EA-6ED7730612E4}.RelWithDebInfo|x64.Build.0 = RelWithDebInfo|x64
		{76B11C5C-B55C-3F83-B1EA-6ED7730612E4}.RelWithDebInfo|x86.ActiveCfg = RelWithDebInfo|x64
		{3D46700F-7F08-397F-9889-BB4884D896B3}.Debug|x64.ActiveCfg = Debug|x64
		{3D46700F-7F08-397F-9889-BB4884D896B3}.Debug|x64.Build.0 = Debug|x64
		{3D46700F-7F08-397F-9889-BB4884D896B3}.Debug|x86.ActiveCfg = Debug|x64
		{3D46700F-7F08-397F-9889-BB4884D896B3}.MinSizeRel|x64.ActiveCfg = MinSizeRel|x64
		{3D46700F-7F08-397F-9889-BB4884D896B3}.MinSizeRel|x64.Build.0 = MinSizeRel|x64
		{3D46700F-7F08-397F-9889-BB4884D896B3}.MinSizeRel|x86.ActiveCfg = MinSizeRel|x64
		{3D46700F-7F08-397F-9889-BB4884D896B3}.Release|x64.ActiveCfg = Release|x64
		{3D46700F-7F08-397F-9889-BB4884D896B3}.Release|x64.Build.0 = Release|x64
		{3D46700F-7F08-397F-9889-BB4884D896B3}.Release|x86.ActiveCfg = Release|x64
		{3D46700F-7F08-397F-9889-BB4884D896B3}.RelWithDebInfo|x64.ActiveCfg = RelWithDebInfo|x64
		{3D46700F-7F08-397F-9889-BB4884D896B3}.RelWithDebInfo|x64.Build.0 = RelWithDebInfo|x64
		{3D46700F-7F08-397F-9889-BB4884D896B3}.RelWithDebInfo|x86.ActiveCfg = RelWithDebInfo|x64
		{39C6B5D4-EF6E-376B-AEFB-7E86261AF3DD}.Debug|x64.ActiveCfg = Debug|x64
		{39C6B5D4-EF6E-376B-AEFB-7E86261AF3DD}.Debug|x64.Build.0 = Debug|x64
		{39C6B5D4-EF6E-376B-AEFB-7E86261AF3DD}.Debug|x86.ActiveCfg = Debug|x64
		{39C6B5D4-EF6E-376B-AEFB-7E86261AF3DD}.MinSizeRel|x64.ActiveCfg = MinSizeRel|x64
		{39C6B5D4-EF6E-376B-AEFB-7E86261AF3DD}.MinSizeRel|x64.Build.0 = MinSizeRel|x64
		{39C6B5D4-EF6E-376B-AEFB-7E86261AF3DD}.MinSizeRel|x86.ActiveCfg = MinSizeRel|x64
		{39C6B5D4-EF6E-376B-AEFB-7E86261AF3DD}.Release|x64.ActiveCfg = Release|x64
		{39C6B5D4-EF6E-376B-AEFB-7E86261AF3DD}.Release|x64.Build.0 = Release|x64
		{39C6B5D4-EF6E-376B-AEFB-7E86261AF3DD}.Release|x86.ActiveCfg = Release|x64
		{39C6B5D4-EF6E-376B-AEFB-7E86261AF3DD}.RelWithDebInfo|x64.ActiveCfg = RelWithDebInfo|x64
		{39C6B5D4-EF6E-376B-AEFB-7E86261AF3DD}.RelWithDebInfo|x64.Build.0 = RelWithDebInfo|x64
		{39C6B5D4-EF6E-376B-AEFB-7E86261AF3DD}.RelWithDebInfo|x86.ActiveCfg = RelWithDebInfo|x64
		{A3DB8AC8-499D-3B49-99E7-43FD9A9B1924}.Debug|x64.ActiveCfg = Debug|x64
		{A3DB8AC8-499D-3B49-99E7-43FD9A9B1924}.Debug|x64.Build.0 = Debug|x64
		{A3DB8AC8-499D-3B49-99E7-43FD9A9B1924}.Debug|x86.ActiveCfg = Debug|x64
		{A3DB8AC8-499D-3B49-99E7-43FD9A9B1924}.MinSizeRel|x64.ActiveCfg = MinSizeRel|x64
		{A3DB8AC8-499D-3B49-99E7-43FD9A9B1924}.MinSizeRel|x64.Build.0 = MinSizeRel|x64
		{A3DB8AC8-499D-3B49-99E7-43FD9A9B1924}.MinSizeRel|x86.ActiveCfg = MinSizeRel|x64
		{A3DB8AC8-499D-3B49-99E7-43FD9A9B1924}.Release|x64.ActiveCfg = Release|x64
		{A3DB8AC8-499D-3B49-99E7-43FD9A9B1924}.Release|x64.Build.0 = Release|x64
		{A3DB8AC8-499D-3B49-99E7-43FD9A9B1924}.Release|x86.ActiveCfg = Release|x64
		{A3DB8AC8-499D-3B49-99E7-43FD9A9B1924}.RelWithDebInfo|x64.ActiveCfg = RelWithDebInfo|x64
		{A3DB8AC8-499D-3B49-99E7-43FD9A9B1924}.RelWithDebInfo|x64.Build.0 = RelWithDebInfo|x64
		{A3DB8AC8-499D-3B49-99E7-43FD9A9B1924}.RelWithDebInfo|x86.ActiveCfg = RelWithDebInfo|x64
		{123C5A1B-0A33-33EC-B7A1-D74E241DE9FD}.Debug|x64.ActiveCfg = Debug|x64
		{123C5A1B-0A33-33EC-B7A1-D74E241DE9FD}.Debug|x64.Build.0 = Debug|x64
		{123C5A1B-0A33-33EC-B7A1-D74E241DE9FD}.Debug|x86.ActiveCfg = Debug|x64
		{123C5A1B-0A33-33EC-B7A1-D74E241DE9FD}.MinSizeRel|x64.ActiveCfg = MinSizeRel|x64
		{123C5A1B-0A33-33EC-B7A1-D74E241DE9FD}.MinSizeRel|x64.Build.0 = MinSizeRel|x64
		{123C5A1B-0A33-33EC-B7A1-D74E241DE9FD}.MinSizeRel|x86.ActiveCfg = MinSizeRel|x64
		{123C5A1B-0A33-33EC-B7A1-D74E241DE9FD}.Release|x64.ActiveCfg = Release|x64
		{123C5A1B-0A33-33EC-B7A1-D74E241DE9FD}.Release|x64.Build.0 = Release|x64
		{123C5A1B-0A33-33EC-B7A1-D74E241DE9FD}.Release|x86.ActiveCfg = Release|x64
		{123C5A1B-0A33-33EC-B7A1-D74E241DE9FD}.RelWithDebInfo|x64.ActiveCfg = RelWithDebInfo|x64
		{123C5A1B-0A33-33EC-B7A1-D74E241DE9FD}.RelWithDebInfo|x64.Build.0 = RelWithDebInfo|x64
		{123C5A1B-0A33-33EC-B7A1-D74E241DE9FD}.RelWithDebInfo|x86.ActiveCfg = RelWithDebInfo|x64
		{40BD9D83-9BFD-38F5-A823-076D019E35B7}.Debug|x64.ActiveCfg = Debug|x64
		{40BD9D83-9BFD-38F5-A823-076D019E35B7}.Debug|x64.Build.0 = Debug|x64
		{40BD9D83-9BFD-38F5-A823-076D019E35B7}.Debug|x86.ActiveCfg = Debug|x64
		{40BD9D83-9BFD-38F5-A823-076D019E35B7}.MinSizeRel|x64.ActiveCfg = MinSizeRel|x64
		{40BD9D83-9BFD-38F5-A823-076D019E35B7}.MinSizeRel|x64.Build.0 = MinSizeRel|x64
		{40BD9D83-9BFD-38F5-A823-076D019E35B7}.MinSizeRel|x86.ActiveCfg = MinSizeRel|x64
		{40BD9D83-9BFD-38F5-A823-076D019E35B7}.Release|x64.ActiveCfg = Release|x64
		{40BD9D83-9BFD-38F5-A823-076D019E35B7}.Release|x64.Build.0 = Release|x64
		{40BD9D83-9BFD-38F5-A823-076D019E35B7}.Release|x86.ActiveCfg = Release|x64
		{40BD9D83-9BFD-38F5-A823-076D019E35B7}.RelWithDebInfo|x64.ActiveCfg = RelWithDebInfo|x64
		{40BD9D83-9BFD-38F5-A823-076D019E35B7}.RelWithDebInfo|x64.Build.0 = RelWithDebInfo|x64
		{40BD9D83-9BFD-38F5-A823-076D019E35B7}.RelWithDebInfo|x86.ActiveCfg = RelWithDebInfo|x64
		{84B4E626-BCB2-38FE-8099-234095B8CE22}.Debug|x64.ActiveCfg = Debug|x64
		{84B4E626-BCB2-38FE-8099-234095B8CE22}.Debug|x64.Build.0 = Debug|x64
		{84B4E626-BCB2-38FE-8099-234095B8CE22}.Debug|x86.ActiveCfg = Debug|x64
		{84B4E626-BCB2-38FE-8099-234095B8CE22}.MinSizeRel|x64.ActiveCfg = MinSizeRel|x64
		{84B4E626-BCB2-38FE-8099-234095B8CE22}.MinSizeRel|x64.Build.0 = MinSizeRel|x64
		{84B4E626-BCB2-38FE-8099-234095B8CE22}.MinSizeRel|x86.ActiveCfg = MinSizeRel|x64
		{84B4E626-BCB2-38FE-8099-234095B8CE22}.Release|x64.ActiveCfg = Release|x64
		{84B4E626-BCB2-38FE-8099-234095B8CE22}.Release|x64.Build.0 = Release|x64
		{84B4E626-BCB2-38FE-8099-234095B8CE22}.Release|x86.ActiveCfg = Release|x64
		{84B4E626-BCB2-38FE-8099-234095B8CE22}.RelWithDebInfo|x64.ActiveCfg = RelWithDebInfo|x64
		{84B4E626-BCB2-38FE-8099-234095B8CE22}.RelWithDebInfo|x64.Build.0 = RelWithDebInfo|x64
		{84B4E626-BCB2-38FE-8099-234095B8CE22}.RelWithDebInfo|x86.ActiveCfg = RelWithDebInfo|x64
		{0986CEF3-8AA0-4309-9506-FEB506B82F49}.Debug|x64.ActiveCfg = Debug|x64
		{0986CEF3-8AA0-4309-9506-FEB506B82F49}.Debug|x64.Build.0 = Debug|x64
		{0986CEF3-8AA0-4309-9506-FEB506B82F49}.Debug|x86.ActiveCfg = Debug|x64
		{0986CEF3-8AA0-4309-9506-FEB506B82F49}.MinSizeRel|x64.ActiveCfg = MinSizeRel|x64
		{0986CEF3-8AA0-4309-9506-FEB506B82F49}.MinSizeRel|x64.Build.0 = MinSizeRel|x64
		{0986CEF3-8AA0-4309-9506-FEB506B82F49}.MinSizeRel|x86.ActiveCfg = MinSizeRel|x64
		{0986CEF3-8AA0-4309-9506-FEB506B82F49}.Release|x64.ActiveCfg = Release|x64
		{0986CEF3-8AA0-4309-9506-FEB506B82F49}.Release|x64.Build.0 = Release|x64
		{0986CEF3-8AA0-4309-9506-FEB506B82F49}.Release|x86.ActiveCfg = Release|x64
		{0986CEF3-8AA0-4309-9506-FEB506B82F49}.RelWithDebInfo|x64.ActiveCfg = RelWithDebInfo|x64
		{0986CEF3-8AA0-4309-9506-FEB506B82F49}.RelWithDebInfo|x64.Build.0 = RelWithDebInfo|x64
		{0986CEF3-8AA0-4309-9506-FEB506B82F49}.RelWithDebInfo|x86.ActiveCfg = RelWithDebInfo|x64
		{FE930ECB-8648-4858-AA76-2688D583EA6B}.Debug|x64.ActiveCfg = Debug|x64
		{FE930ECB-8648-4858-AA76-2688D583EA6B}.Debug|x64.Build.0 = Debug|x64
		{FE930ECB-8648-4858-AA76-2688D583EA6B}.Debug|x86.ActiveCfg = Debug|x64
		{FE930ECB-8648-4858-AA76-2688D583EA6B}.MinSizeRel|x64.ActiveCfg = MinSizeRel|x64
		{FE930ECB-8648-4858-AA76-2688D583EA6B}.MinSizeRel|x64.Build.0 = MinSizeRel|x64
		{FE930ECB-8648-4858-AA76-2688D583EA6B}.MinSizeRel|x86.ActiveCfg = MinSizeRel|x64
		{FE930ECB-8648-4858-AA76-2688D583EA6B}.Release|x64.ActiveCfg = Release|x64
		{FE930ECB-8648-4858-AA76-2688D583EA6B}.Release|x64.Build.0 = Release|x64
		{FE930ECB-8648-4858-AA76-2688D583EA6B}.Release|x86.ActiveCfg = Release|x64
		{FE930ECB-8648-4858-AA76-2688D583EA6B}.RelWithDebInfo|x64.ActiveCfg = RelWithDebInfo|x64
		{FE930ECB-8648-4858-AA76-2688D583EA6B}.RelWithDebInfo|x64.Build.0 = RelWithDebInfo|x64
		{FE930ECB-8648-4858-AA76-2688D583EA6B}.RelWithDebInfo|x86.ActiveCfg = RelWithDebInfo|x64
		{A80C933D-1DEA-4847-B45F-BA51ABEE5323}.Debug|x64.ActiveCfg = Debug|x64
		{A80C933D-1DEA-4847-B45F-BA51ABEE5323}.Debug|x64.Build.0 = Debug|x64
		{A80C933D-1DEA-4847-B45F-BA51ABEE5323}.Debug|x86.ActiveCfg = Debug|x64
		{A80C933D-1DEA-4847-B45F-BA51ABEE5323}.MinSizeRel|x64.ActiveCfg = MinSizeRel|x64
		{A80C933D-1DEA-4847-B45F-BA51ABEE5323}.MinSizeRel|x64.Build.0 = MinSizeRel|x64
		{A80C933D-1DEA-4847-B45F-BA51ABEE5323}.MinSizeRel|x86.ActiveCfg = MinSizeRel|x64
		{A80C933D-1DEA-4847-B45F-BA51ABEE5323}.Release|x64.ActiveCfg = Release|x64
		{A80C933D-1DEA-4847-B45F-BA51ABEE5323}.Release|x64.Build.0 = Release|x64
		{A80C933D-1DEA-4847-B45F-BA51ABEE5323}.Release|x86.ActiveCfg = Release|x64
		{A80C933D-1DEA-4847-B45F-BA51ABEE5323}.RelWithDebInfo|x64.ActiveCfg = RelWithDebInfo|x64
		{A80C933D-1DEA-4847-B45F-BA51ABEE5323}.RelWithDebInfo|x64.Build.0 = RelWithDebInfo|x64
		{A80C933D-1DEA-4847-B45F-BA51ABEE5323}.RelWithDebInfo|x86.ActiveCfg = RelWithDebInfo|x64
		{B6E535BE-3EB6-4832-88DB-DD180E41BA03}.Debug|x64.ActiveCfg = Debug|x64
		{B6E535BE-3EB6-4832-88DB-DD180E41BA03}.Debug|x64.Build.0 = Debug|x64
		{B6E535BE-3EB6-4832-88DB-DD180E41BA03}.Debug|x86.ActiveCfg = Debug|x64
		{B6E535BE-3EB6-4832-88DB-DD180E41BA03}.MinSizeRel|x64.ActiveCfg = MinSizeRel|x64
		{B6E535BE-3EB6-4832-88DB-DD180E41BA03}.MinSizeRel|x64.Build.0 = MinSizeRel|x64
		{B6E535BE-3EB6-4832-88DB-DD180E41BA03}.MinSizeRel|x86.ActiveCfg = MinSizeRel|x64
		{B6E535BE-3EB6-4832-88DB-DD180E41BA03}.Release|x64.ActiveCfg = Release|x64
		{B6E535BE-3EB6-4832-88DB-DD180E41BA03}.Release|x64.Build.0 = Release|x64
		{B6E535BE-3EB6-4832-88DB-DD180E41BA03}.Release|x86.ActiveCfg = Release|x64
		{B6E535BE-3EB6-4832-88DB-DD180E41BA03}.RelWithDebInfo|x64.ActiveCfg = RelWithDebInfo|x64
		{B6E535BE-3EB6-4832-88DB-DD180E41BA03}.RelWithDebInfo|x64.Build.0 = RelWithDebInfo|x64
		{B6E535BE-3EB6-4832-88DB-DD180E41BA03}.RelWithDebInfo|x86.ActiveCfg = RelWithDebInfo|x64
		{5BD91F7D-205B-420B-99BD-EFA8D1CCAEDB}.Debug|x64.ActiveCfg = Debug|x64
		{5BD91F7D-205B-420B-99BD-EFA8D1CCAEDB}.Debug|x64.Build.0 = Debug|x64
		{5BD91F7D-205B-420B-99BD-EFA8D1CCAEDB}.Debug|x86.ActiveCfg = Debug|x64
		{5BD91F7D-205B-420B-99BD-EFA8D1CCAEDB}.MinSizeRel|x64.ActiveCfg = MinSizeRel|x64
		{5BD91F7D-205B-420B-99BD-EFA8D1CCAEDB}.MinSizeRel|x64.Build.0 = MinSizeRel|x64
		{5BD91F7D-205B-420B-99BD-EFA8D1CCAEDB}.MinSizeRel|x86.ActiveCfg = MinSizeRel|x64
		{5BD91F7D-205B-420B-99BD-EFA8D1CCAEDB}.Release|x64.ActiveCfg = Release|x64
		{5BD91F7D-205B-420B-99BD-EFA8D1CCAEDB}.Release|x64.Build.0 = Release|x64
		{5BD91F7D-205B-420B-99BD-EFA8D1CCAEDB}.Release|x86.ActiveCfg = Release|x64
		{5BD91F7D-205B-420B-99BD-EFA8D1CCAEDB}.RelWithDebInfo|x64.ActiveCfg = RelWithDebInfo|x64
		{5BD91F7D-205B-420B-99BD-EFA8D1CCAEDB}.RelWithDebInfo|x64.Build.0 = RelWithDebInfo|x64
		{5BD91F7D-205B-420B-99BD-EFA8D1CCAEDB}.RelWithDebInfo|x86.ActiveCfg = RelWithDebInfo|x64
	EndGlobalSection
	GlobalSection(SolutionProperties) = preSolution
		HideSolutionNode = FALSE
	EndGlobalSection
	GlobalSection(ExtensibilityGlobals) = postSolution
		SolutionGuid = {2803FEBB-4AD7-3697-B3FD-AE91C49DAD8B}
	EndGlobalSection
EndGlobal
